Microsoft Visual Studio Solution File, Format Version 11.00
# Visual Studio 2008

Project("{DA5BD756-1028-39CA-7802-1C49412911DE}") = "SterileCompoundSim", "Assembly-CSharp-firstpass.csproj", "{B97ABC69-EBE9-C8B0-4A87-08509E64E9A6}"
EndProject
Project("{DA5BD756-1028-39CA-7802-1C49412911DE}") = "SterileCompoundSim", "Assembly-CSharp.csproj", "{7E2D9B6D-52A8-A048-3FC5-AC84D8CC8D32}"
EndProject
Project("{DA5BD756-1028-39CA-7802-1C49412911DE}") = "SterileCompoundSim", "Assembly-CSharp-Editor-firstpass.csproj", "{621DCA3C-E1FF-9195-3A06-05250527DE71}"
EndProject
Project("{DA5BD756-1028-39CA-7802-1C49412911DE}") = "SterileCompoundSim", "Assembly-CSharp-Editor.csproj", "{92B1C614-04F9-473F-D37F-C9EF56A224A3}"
EndProject
Global
	GlobalSection(SolutionConfigurationPlatforms) = preSolution
		Debug|Any CPU = Debug|Any CPU
		Release|Any CPU = Release|Any CPU
	EndGlobalSection
	GlobalSection(ProjectConfigurationPlatforms) = postSolution
		{B97ABC69-EBE9-C8B0-4A87-08509E64E9A6}.Debug|Any CPU.ActiveCfg = Debug|Any CPU
		{B97ABC69-EBE9-C8B0-4A87-08509E64E9A6}.Debug|Any CPU.Build.0 = Debug|Any CPU
		{B97ABC69-EBE9-C8B0-4A87-08509E64E9A6}.Release|Any CPU.ActiveCfg = Release|Any CPU
		{B97ABC69-EBE9-C8B0-4A87-08509E64E9A6}.Release|Any CPU.Build.0 = Release|Any CPU
		{7E2D9B6D-52A8-A048-3FC5-AC84D8CC8D32}.Debug|Any CPU.ActiveCfg = Debug|Any CPU
		{7E2D9B6D-52A8-A048-3FC5-AC84D8CC8D32}.Debug|Any CPU.Build.0 = Debug|Any CPU
		{7E2D9B6D-52A8-A048-3FC5-AC84D8CC8D32}.Release|Any CPU.ActiveCfg = Release|Any CPU
		{7E2D9B6D-52A8-A048-3FC5-AC84D8CC8D32}.Release|Any CPU.Build.0 = Release|Any CPU
		{621DCA3C-E1FF-9195-3A06-05250527DE71}.Debug|Any CPU.ActiveCfg = Debug|Any CPU
		{621DCA3C-E1FF-9195-3A06-05250527DE71}.Debug|Any CPU.Build.0 = Debug|Any CPU
		{621DCA3C-E1FF-9195-3A06-05250527DE71}.Release|Any CPU.ActiveCfg = Release|Any CPU
		{621DCA3C-E1FF-9195-3A06-05250527DE71}.Release|Any CPU.Build.0 = Release|Any CPU
		{92B1C614-04F9-473F-D37F-C9EF56A224A3}.Debug|Any CPU.ActiveCfg = Debug|Any CPU
		{92B1C614-04F9-473F-D37F-C9EF56A224A3}.Debug|Any CPU.Build.0 = Debug|Any CPU
		{92B1C614-04F9-473F-D37F-C9EF56A224A3}.Release|Any CPU.ActiveCfg = Release|Any CPU
		{92B1C614-04F9-473F-D37F-C9EF56A224A3}.Release|Any CPU.Build.0 = Release|Any CPU
	EndGlobalSection
	GlobalSection(SolutionProperties) = preSolution
		HideSolutionNode = FALSE
	EndGlobalSection
	GlobalSection(MonoDevelopProperties) = preSolution
		StartupItem = Assembly-CSharp.csproj
	EndGlobalSection	GlobalSection(MonoDevelopProperties) = preSolution
EndGlobal
